// !$*UTF8*$!
{
	archiveVersion = 1;
	classes = {
	};
	objectVersion = 50;
	objects = {

/* Begin PBXBuildFile section */
		F827ABD224B49E700012DB13 /* Chapitres_TheoriquesApp.swift in Sources */ = {isa = PBXBuildFile; fileRef = F827ABD124B49E700012DB13 /* Chapitres_TheoriquesApp.swift */; };
		F827ABD424B49E700012DB13 /* ContentView.swift in Sources */ = {isa = PBXBuildFile; fileRef = F827ABD324B49E700012DB13 /* ContentView.swift */; };
		F827ABD624B49E720012DB13 /* Assets.xcassets in Resources */ = {isa = PBXBuildFile; fileRef = F827ABD524B49E720012DB13 /* Assets.xcassets */; };
		F827ABD924B49E720012DB13 /* Preview Assets.xcassets in Resources */ = {isa = PBXBuildFile; fileRef = F827ABD824B49E720012DB13 /* Preview Assets.xcassets */; };
		F827ABE124B4BFE10012DB13 /* PencilStack.swift in Sources */ = {isa = PBXBuildFile; fileRef = F827ABE024B4BFE10012DB13 /* PencilStack.swift */; };
/* End PBXBuildFile section */

/* Begin PBXFileReference section */
		F827ABCE24B49E700012DB13 /* Chapitres_Theoriques.app */ = {isa = PBXFileReference; explicitFileType = wrapper.application; includeInIndex = 0; path = Chapitres_Theoriques.app; sourceTree = BUILT_PRODUCTS_DIR; };
		F827ABD124B49E700012DB13 /* Chapitres_TheoriquesApp.swift */ = {isa = PBXFileReference; lastKnownFileType = sourcecode.swift; path = Chapitres_TheoriquesApp.swift; sourceTree = "<group>"; };
		F827ABD324B49E700012DB13 /* ContentView.swift */ = {isa = PBXFileReference; lastKnownFileType = sourcecode.swift; path = ContentView.swift; sourceTree = "<group>"; };
		F827ABD524B49E720012DB13 /* Assets.xcassets */ = {isa = PBXFileReference; lastKnownFileType = folder.assetcatalog; path = Assets.xcassets; sourceTree = "<group>"; };
		F827ABD824B49E720012DB13 /* Preview Assets.xcassets */ = {isa = PBXFileReference; lastKnownFileType = folder.assetcatalog; path = "Preview Assets.xcassets"; sourceTree = "<group>"; };
		F827ABDA24B49E720012DB13 /* Info.plist */ = {isa = PBXFileReference; lastKnownFileType = text.plist.xml; path = Info.plist; sourceTree = "<group>"; };
		F827ABE024B4BFE10012DB13 /* PencilStack.swift */ = {isa = PBXFileReference; lastKnownFileType = sourcecode.swift; path = PencilStack.swift; sourceTree = "<group>"; };
/* End PBXFileReference section */

/* Begin PBXFrameworksBuildPhase section */
		F827ABCB24B49E700012DB13 /* Frameworks */ = {
			isa = PBXFrameworksBuildPhase;
			buildActionMask = 2147483647;
			files = (
			);
			runOnlyForDeploymentPostprocessing = 0;
		};
/* End PBXFrameworksBuildPhase section */

/* Begin PBXGroup section */
		F827ABC524B49E700012DB13 = {
			isa = PBXGroup;
			children = (
				F827ABD024B49E700012DB13 /* Chapitres_Theoriques */,
				F827ABCF24B49E700012DB13 /* Products */,
			);
			sourceTree = "<group>";
		};
		F827ABCF24B49E700012DB13 /* Products */ = {
			isa = PBXGroup;
			children = (
				F827ABCE24B49E700012DB13 /* Chapitres_Theoriques.app */,
			);
			name = Products;
			sourceTree = "<group>";
		};
		F827ABD024B49E700012DB13 /* Chapitres_Theoriques */ = {
			isa = PBXGroup;
			children = (
				F827ABD124B49E700012DB13 /* Chapitres_TheoriquesApp.swift */,
				F827ABD324B49E700012DB13 /* ContentView.swift */,
				F827ABD524B49E720012DB13 /* Assets.xcassets */,
				F827ABDA24B49E720012DB13 /* Info.plist */,
				F827ABD724B49E720012DB13 /* Preview Content */,
				F827ABE024B4BFE10012DB13 /* PencilStack.swift */,
			);
			path = Chapitres_Theoriques;
			sourceTree = "<group>";
		};
		F827ABD724B49E720012DB13 /* Preview Content */ = {
			isa = PBXGroup;
			children = (
				F827ABD824B49E720012DB13 /* Preview Assets.xcassets */,
			);
			path = "Preview Content";
			sourceTree = "<group>";
		};
/* End PBXGroup section */

/* Begin PBXNativeTarget section */
		F827ABCD24B49E700012DB13 /* Chapitres_Theoriques */ = {
			isa = PBXNativeTarget;
			buildConfigurationList = F827ABDD24B49E720012DB13 /* Build configuration list for PBXNativeTarget "Chapitres_Theoriques" */;
			buildPhases = (
				F827ABCA24B49E700012DB13 /* Sources */,
				F827ABCB24B49E700012DB13 /* Frameworks */,
				F827ABCC24B49E700012DB13 /* Resources */,
			);
			buildRules = (
			);
			dependencies = (
			);
			name = Chapitres_Theoriques;
			productName = Chapitres_Theoriques;
			productReference = F827ABCE24B49E700012DB13 /* Chapitres_Theoriques.app */;
			productType = "com.apple.product-type.application";
		};
/* End PBXNativeTarget section */

/* Begin PBXProject section */
		F827ABC624B49E700012DB13 /* Project object */ = {
			isa = PBXProject;
			attributes = {
				LastSwiftUpdateCheck = 1200;
				LastUpgradeCheck = 1200;
				TargetAttributes = {
					F827ABCD24B49E700012DB13 = {
						CreatedOnToolsVersion = 12.0;
					};
				};
			};
			buildConfigurationList = F827ABC924B49E700012DB13 /* Build configuration list for PBXProject "Chapitres_Theoriques" */;
			compatibilityVersion = "Xcode 9.3";
			developmentRegion = en;
			hasScannedForEncodings = 0;
			knownRegions = (
				en,
				Base,
			);
			mainGroup = F827ABC524B49E700012DB13;
			productRefGroup = F827ABCF24B49E700012DB13 /* Products */;
			projectDirPath = "";
			projectRoot = "";
			targets = (
				F827ABCD24B49E700012DB13 /* Chapitres_Theoriques */,
			);
		};
/* End PBXProject section */

/* Begin PBXResourcesBuildPhase section */
		F827ABCC24B49E700012DB13 /* Resources */ = {
			isa = PBXResourcesBuildPhase;
			buildActionMask = 2147483647;
			files = (
				F827ABD924B49E720012DB13 /* Preview Assets.xcassets in Resources */,
				F827ABD624B49E720012DB13 /* Assets.xcassets in Resources */,
			);
			runOnlyForDeploymentPostprocessing = 0;
		};
/* End PBXResourcesBuildPhase section */

/* Begin PBXSourcesBuildPhase section */
		F827ABCA24B49E700012DB13 /* Sources */ = {
			isa = PBXSourcesBuildPhase;
			buildActionMask = 2147483647;
			files = (
				F827ABD424B49E700012DB13 /* ContentView.swift in Sources */,
				F827ABE124B4BFE10012DB13 /* PencilStack.swift in Sources */,
				F827ABD224B49E700012DB13 /* Chapitres_TheoriquesApp.swift in Sources */,
			);
			runOnlyForDeploymentPostprocessing = 0;
		};
/* End PBXSourcesBuildPhase section */

/* Begin XCBuildConfiguration section */
		F827ABDB24B49E720012DB13 /* Debug */ = {
			isa = XCBuildConfiguration;
			buildSettings = {
				ALWAYS_SEARCH_USER_PATHS = NO;
				CLANG_ANALYZER_NONNULL = YES;
				CLANG_ANALYZER_NUMBER_OBJECT_CONVERSION = YES_AGGRESSIVE;
				CLANG_CXX_LANGUAGE_STANDARD = "gnu++14";
				CLANG_CXX_LIBRARY = "libc++";
				CLANG_ENABLE_MODULES = YES;
				CLANG_ENABLE_OBJC_ARC = YES;
				CLANG_ENABLE_OBJC_WEAK = YES;
				CLANG_WARN_BLOCK_CAPTURE_AUTORELEASING = YES;
				CLANG_WARN_BOOL_CONVERSION = YES;
				CLANG_WARN_COMMA = YES;
				CLANG_WARN_CONSTANT_CONVERSION = YES;
				CLANG_WARN_DEPRECATED_OBJC_IMPLEMENTATIONS = YES;
				CLANG_WARN_DIRECT_OBJC_ISA_USAGE = YES_ERROR;
				CLANG_WARN_DOCUMENTATION_COMMENTS = YES;
				CLANG_WARN_EMPTY_BODY = YES;
				CLANG_WARN_ENUM_CONVERSION = YES;
				CLANG_WARN_INFINITE_RECURSION = YES;
				CLANG_WARN_INT_CONVERSION = YES;
				CLANG_WARN_NON_LITERAL_NULL_CONVERSION = YES;
				CLANG_WARN_OBJC_IMPLICIT_RETAIN_SELF = YES;
				CLANG_WARN_OBJC_LITERAL_CONVERSION = YES;
				CLANG_WARN_OBJC_ROOT_CLASS = YES_ERROR;
				CLANG_WARN_QUOTED_INCLUDE_IN_FRAMEWORK_HEADER = YES;
				CLANG_WARN_RANGE_LOOP_ANALYSIS = YES;
				CLANG_WARN_STRICT_PROTOTYPES = YES;
				CLANG_WARN_SUSPICIOUS_MOVE = YES;
				CLANG_WARN_UNGUARDED_AVAILABILITY = YES_AGGRESSIVE;
				CLANG_WARN_UNREACHABLE_CODE = YES;
				CLANG_WARN__DUPLICATE_METHOD_MATCH = YES;
				COPY_PHASE_STRIP = NO;
				DEBUG_INFORMATION_FORMAT = dwarf;
				ENABLE_STRICT_OBJC_MSGSEND = YES;
				ENABLE_TESTABILITY = YES;
				GCC_C_LANGUAGE_STANDARD = gnu11;
				GCC_DYNAMIC_NO_PIC = NO;
				GCC_NO_COMMON_BLOCKS = YES;
				GCC_OPTIMIZATION_LEVEL = 0;
				GCC_PREPROCESSOR_DEFINITIONS = (
					"DEBUG=1",
					"$(inherited)",
				);
				GCC_WARN_64_TO_32_BIT_CONVERSION = YES;
				GCC_WARN_ABOUT_RETURN_TYPE = YES_ERROR;
				GCC_WARN_UNDECLARED_SELECTOR = YES;
				GCC_WARN_UNINITIALIZED_AUTOS = YES_AGGRESSIVE;
				GCC_WARN_UNUSED_FUNCTION = YES;
				GCC_WARN_UNUSED_VARIABLE = YES;
				IPHONEOS_DEPLOYMENT_TARGET = 14.0;
				MTL_ENABLE_DEBUG_INFO = INCLUDE_SOURCE;
				MTL_FAST_MATH = YES;
				ONLY_ACTIVE_ARCH = YES;
				SDKROOT = iphoneos;
				SWIFT_ACTIVE_COMPILATION_CONDITIONS = DEBUG;
				SWIFT_OPTIMIZATION_LEVEL = "-Onone";
			};
			name = Debug;
		};
		F827ABDC24B49E720012DB13 /* Release */ = {
			isa = XCBuildConfiguration;
			buildSettings = {
				ALWAYS_SEARCH_USER_PATHS = NO;
				CLANG_ANALYZER_NONNULL = YES;
				CLANG_ANALYZER_NUMBER_OBJECT_CONVERSION = YES_AGGRESSIVE;
				CLANG_CXX_LANGUAGE_STANDARD = "gnu++14";
				CLANG_CXX_LIBRARY = "libc++";
				CLANG_ENABLE_MODULES = YES;
				CLANG_ENABLE_OBJC_ARC = YES;
				CLANG_ENABLE_OBJC_WEAK = YES;
				CLANG_WARN_BLOCK_CAPTURE_AUTORELEASING = YES;
				CLANG_WARN_BOOL_CONVERSION = YES;
				CLANG_WARN_COMMA = YES;
				CLANG_WARN_CONSTANT_CONVERSION = YES;
				CLANG_WARN_DEPRECATED_OBJC_IMPLEMENTATIONS = YES;
				CLANG_WARN_DIRECT_OBJC_ISA_USAGE = YES_ERROR;
				CLANG_WARN_DOCUMENTATION_COMMENTS = YES;
				CLANG_WARN_EMPTY_BODY = YES;
				CLANG_WARN_ENUM_CONVERSION = YES;
				CLANG_WARN_INFINITE_RECURSION = YES;
				CLANG_WARN_INT_CONVERSION = YES;
				CLANG_WARN_NON_LITERAL_NULL_CONVERSION = YES;
				CLANG_WARN_OBJC_IMPLICIT_RETAIN_SELF = YES;
				CLANG_WARN_OBJC_LITERAL_CONVERSION = YES;
				CLANG_WARN_OBJC_ROOT_CLASS = YES_ERROR;
				CLANG_WARN_QUOTED_INCLUDE_IN_FRAMEWORK_HEADER = YES;
				CLANG_WARN_RANGE_LOOP_ANALYSIS = YES;
				CLANG_WARN_STRICT_PROTOTYPES = YES;
				CLANG_WARN_SUSPICIOUS_MOVE = YES;
				CLANG_WARN_UNGUARDED_AVAILABILITY = YES_AGGRESSIVE;
				CLANG_WARN_UNREACHABLE_CODE = YES;
				CLANG_WARN__DUPLICATE_METHOD_MATCH = YES;
				COPY_PHASE_STRIP = NO;
				DEBUG_INFORMATION_FORMAT = "dwarf-with-dsym";
				ENABLE_NS_ASSERTIONS = NO;
				ENABLE_STRICT_OBJC_MSGSEND = YES;
				GCC_C_LANGUAGE_STANDARD = gnu11;
				GCC_NO_COMMON_BLOCKS = YES;
				GCC_WARN_64_TO_32_BIT_CONVERSION = YES;
				GCC_WARN_ABOUT_RETURN_TYPE = YES_ERROR;
				GCC_WARN_UNDECLARED_SELECTOR = YES;
				GCC_WARN_UNINITIALIZED_AUTOS = YES_AGGRESSIVE;
				GCC_WARN_UNUSED_FUNCTION = YES;
				GCC_WARN_UNUSED_VARIABLE = YES;
				IPHONEOS_DEPLOYMENT_TARGET = 14.0;
				MTL_ENABLE_DEBUG_INFO = NO;
				MTL_FAST_MATH = YES;
				SDKROOT = iphoneos;
				SWIFT_COMPILATION_MODE = wholemodule;
				SWIFT_OPTIMIZATION_LEVEL = "-O";
				VALIDATE_PRODUCT = YES;
			};
			name = Release;
		};
		F827ABDE24B49E720012DB13 /* Debug */ = {
			isa = XCBuildConfiguration;
			buildSettings = {
				ASSETCATALOG_COMPILER_APPICON_NAME = AppIcon;
				ASSETCATALOG_COMPILER_GLOBAL_ACCENT_COLOR_NAME = AccentColor;
				CODE_SIGN_STYLE = Automatic;
				DEVELOPMENT_ASSET_PATHS = "\"Chapitres_Theoriques/Preview Content\"";
				DEVELOPMENT_TEAM = 6764FLM9W2;
				ENABLE_PREVIEWS = YES;
				INFOPLIST_FILE = Chapitres_Theoriques/Info.plist;
				IPHONEOS_DEPLOYMENT_TARGET = 14.0;
				LD_RUNPATH_SEARCH_PATHS = (
					"$(inherited)",
					"@executable_path/Frameworks",
				);
				PRODUCT_BUNDLE_IDENTIFIER = "fr.purplegiraffe.Chapitres-Theoriques";
				PRODUCT_NAME = "$(TARGET_NAME)";
				SWIFT_VERSION = 5.0;
				TARGETED_DEVICE_FAMILY = "1,2";
			};
			name = Debug;
		};
		F827ABDF24B49E720012DB13 /* Release */ = {
			isa = XCBuildConfiguration;
			buildSettings = {
				ASSETCATALOG_COMPILER_APPICON_NAME = AppIcon;
				ASSETCATALOG_COMPILER_GLOBAL_ACCENT_COLOR_NAME = AccentColor;
				CODE_SIGN_STYLE = Automatic;
				DEVELOPMENT_ASSET_PATHS = "\"Chapitres_Theoriques/Preview Content\"";
				DEVELOPMENT_TEAM = 6764FLM9W2;
				ENABLE_PREVIEWS = YES;
				INFOPLIST_FILE = Chapitres_Theoriques/Info.plist;
				IPHONEOS_DEPLOYMENT_TARGET = 14.0;
				LD_RUNPATH_SEARCH_PATHS = (
					"$(inherited)",
					"@executable_path/Frameworks",
				);
				PRODUCT_BUNDLE_IDENTIFIER = "fr.purplegiraffe.Chapitres-Theoriques";
				PRODUCT_NAME = "$(TARGET_NAME)";
				SWIFT_VERSION = 5.0;
				TARGETED_DEVICE_FAMILY = "1,2";
			};
			name = Release;
		};
/* End XCBuildConfiguration section */

/* Begin XCConfigurationList section */
		F827ABC924B49E700012DB13 /* Build configuration list for PBXProject "Chapitres_Theoriques" */ = {
			isa = XCConfigurationList;
			buildConfigurations = (
				F827ABDB24B49E720012DB13 /* Debug */,
				F827ABDC24B49E720012DB13 /* Release */,
			);
			defaultConfigurationIsVisible = 0;
			defaultConfigurationName = Release;
		};
		F827ABDD24B49E720012DB13 /* Build configuration list for PBXNativeTarget "Chapitres_Theoriques" */ = {
			isa = XCConfigurationList;
			buildConfigurations = (
				F827ABDE24B49E720012DB13 /* Debug */,
				F827ABDF24B49E720012DB13 /* Release */,
			);
			defaultConfigurationIsVisible = 0;
			defaultConfigurationName = Release;
		};
/* End XCConfigurationList section */
	};
	rootObject = F827ABC624B49E700012DB13 /* Project object */;
}
