// !$*UTF8*$!
{
	archiveVersion = 1;
	classes = {
	};
	objectVersion = 50;
	objects = {

/* Begin PBXBuildFile section */
		F832BC8D24C8960D00692DCA /* TasksApp.swift in Sources */ = {isa = PBXBuildFile; fileRef = F832BC8C24C8960D00692DCA /* TasksApp.swift */; };
		F832BC8F24C8960D00692DCA /* TaskListView.swift in Sources */ = {isa = PBXBuildFile; fileRef = F832BC8E24C8960D00692DCA /* TaskListView.swift */; };
		F832BC9124C8960F00692DCA /* Assets.xcassets in Resources */ = {isa = PBXBuildFile; fileRef = F832BC9024C8960F00692DCA /* Assets.xcassets */; };
		F832BC9424C8960F00692DCA /* Preview Assets.xcassets in Resources */ = {isa = PBXBuildFile; fileRef = F832BC9324C8960F00692DCA /* Preview Assets.xcassets */; };
		F832BC9C24C8964E00692DCA /* TaskCell.swift in Sources */ = {isa = PBXBuildFile; fileRef = F832BC9B24C8964E00692DCA /* TaskCell.swift */; };
		F85A097424C8F953008D92F8 /* Task.swift in Sources */ = {isa = PBXBuildFile; fileRef = F85A097324C8F953008D92F8 /* Task.swift */; };
		F85A097C24C8FF59008D92F8 /* TaskManager.swift in Sources */ = {isa = PBXBuildFile; fileRef = F85A097B24C8FF59008D92F8 /* TaskManager.swift */; };
		F85A097E24C8FF9C008D92F8 /* CoreDataStorage.swift in Sources */ = {isa = PBXBuildFile; fileRef = F85A097D24C8FF9C008D92F8 /* CoreDataStorage.swift */; };
		F85A098124C90308008D92F8 /* Tasks.xcdatamodeld in Sources */ = {isa = PBXBuildFile; fileRef = F85A097F24C90308008D92F8 /* Tasks.xcdatamodeld */; };
/* End PBXBuildFile section */

/* Begin PBXFileReference section */
		F832BC8924C8960D00692DCA /* Tasks.app */ = {isa = PBXFileReference; explicitFileType = wrapper.application; includeInIndex = 0; path = Tasks.app; sourceTree = BUILT_PRODUCTS_DIR; };
		F832BC8C24C8960D00692DCA /* TasksApp.swift */ = {isa = PBXFileReference; lastKnownFileType = sourcecode.swift; path = TasksApp.swift; sourceTree = "<group>"; };
		F832BC8E24C8960D00692DCA /* TaskListView.swift */ = {isa = PBXFileReference; lastKnownFileType = sourcecode.swift; path = TaskListView.swift; sourceTree = "<group>"; };
		F832BC9024C8960F00692DCA /* Assets.xcassets */ = {isa = PBXFileReference; lastKnownFileType = folder.assetcatalog; path = Assets.xcassets; sourceTree = "<group>"; };
		F832BC9324C8960F00692DCA /* Preview Assets.xcassets */ = {isa = PBXFileReference; lastKnownFileType = folder.assetcatalog; path = "Preview Assets.xcassets"; sourceTree = "<group>"; };
		F832BC9524C8960F00692DCA /* Info.plist */ = {isa = PBXFileReference; lastKnownFileType = text.plist.xml; path = Info.plist; sourceTree = "<group>"; };
		F832BC9B24C8964E00692DCA /* TaskCell.swift */ = {isa = PBXFileReference; lastKnownFileType = sourcecode.swift; path = TaskCell.swift; sourceTree = "<group>"; };
		F85A097324C8F953008D92F8 /* Task.swift */ = {isa = PBXFileReference; lastKnownFileType = sourcecode.swift; path = Task.swift; sourceTree = "<group>"; };
		F85A097B24C8FF59008D92F8 /* TaskManager.swift */ = {isa = PBXFileReference; lastKnownFileType = sourcecode.swift; path = TaskManager.swift; sourceTree = "<group>"; };
		F85A097D24C8FF9C008D92F8 /* CoreDataStorage.swift */ = {isa = PBXFileReference; lastKnownFileType = sourcecode.swift; path = CoreDataStorage.swift; sourceTree = "<group>"; };
		F85A098024C90308008D92F8 /* Tasks.xcdatamodel */ = {isa = PBXFileReference; lastKnownFileType = wrapper.xcdatamodel; path = Tasks.xcdatamodel; sourceTree = "<group>"; };
/* End PBXFileReference section */

/* Begin PBXFrameworksBuildPhase section */
		F832BC8624C8960D00692DCA /* Frameworks */ = {
			isa = PBXFrameworksBuildPhase;
			buildActionMask = 2147483647;
			files = (
			);
			runOnlyForDeploymentPostprocessing = 0;
		};
/* End PBXFrameworksBuildPhase section */

/* Begin PBXGroup section */
		F832BC8024C8960D00692DCA = {
			isa = PBXGroup;
			children = (
				F832BC8B24C8960D00692DCA /* Tasks */,
				F832BC8A24C8960D00692DCA /* Products */,
			);
			sourceTree = "<group>";
		};
		F832BC8A24C8960D00692DCA /* Products */ = {
			isa = PBXGroup;
			children = (
				F832BC8924C8960D00692DCA /* Tasks.app */,
			);
			name = Products;
			sourceTree = "<group>";
		};
		F832BC8B24C8960D00692DCA /* Tasks */ = {
			isa = PBXGroup;
			children = (
				F85A097224C8F938008D92F8 /* Data */,
				F8B6FB5224C8F3C1008182CE /* UI */,
				F832BC8C24C8960D00692DCA /* TasksApp.swift */,
				F832BC9024C8960F00692DCA /* Assets.xcassets */,
				F832BC9524C8960F00692DCA /* Info.plist */,
				F832BC9224C8960F00692DCA /* Preview Content */,
			);
			path = Tasks;
			sourceTree = "<group>";
		};
		F832BC9224C8960F00692DCA /* Preview Content */ = {
			isa = PBXGroup;
			children = (
				F832BC9324C8960F00692DCA /* Preview Assets.xcassets */,
			);
			path = "Preview Content";
			sourceTree = "<group>";
		};
		F85A097224C8F938008D92F8 /* Data */ = {
			isa = PBXGroup;
			children = (
				F85A097624C8FC80008D92F8 /* Storage */,
				F85A097524C8FC78008D92F8 /* Management */,
				F85A097324C8F953008D92F8 /* Task.swift */,
			);
			path = Data;
			sourceTree = "<group>";
		};
		F85A097524C8FC78008D92F8 /* Management */ = {
			isa = PBXGroup;
			children = (
				F85A097B24C8FF59008D92F8 /* TaskManager.swift */,
			);
			path = Management;
			sourceTree = "<group>";
		};
		F85A097624C8FC80008D92F8 /* Storage */ = {
			isa = PBXGroup;
			children = (
				F85A097D24C8FF9C008D92F8 /* CoreDataStorage.swift */,
				F85A097F24C90308008D92F8 /* Tasks.xcdatamodeld */,
			);
			path = Storage;
			sourceTree = "<group>";
		};
		F8B6FB5224C8F3C1008182CE /* UI */ = {
			isa = PBXGroup;
			children = (
				F832BC8E24C8960D00692DCA /* TaskListView.swift */,
				F832BC9B24C8964E00692DCA /* TaskCell.swift */,
			);
			path = UI;
			sourceTree = "<group>";
		};
/* End PBXGroup section */

/* Begin PBXNativeTarget section */
		F832BC8824C8960D00692DCA /* Tasks */ = {
			isa = PBXNativeTarget;
			buildConfigurationList = F832BC9824C8960F00692DCA /* Build configuration list for PBXNativeTarget "Tasks" */;
			buildPhases = (
				F832BC8524C8960D00692DCA /* Sources */,
				F832BC8624C8960D00692DCA /* Frameworks */,
				F832BC8724C8960D00692DCA /* Resources */,
			);
			buildRules = (
			);
			dependencies = (
			);
			name = Tasks;
			productName = Tasks;
			productReference = F832BC8924C8960D00692DCA /* Tasks.app */;
			productType = "com.apple.product-type.application";
		};
/* End PBXNativeTarget section */

/* Begin PBXProject section */
		F832BC8124C8960D00692DCA /* Project object */ = {
			isa = PBXProject;
			attributes = {
				LastSwiftUpdateCheck = 1200;
				LastUpgradeCheck = 1200;
				TargetAttributes = {
					F832BC8824C8960D00692DCA = {
						CreatedOnToolsVersion = 12.0;
					};
				};
			};
			buildConfigurationList = F832BC8424C8960D00692DCA /* Build configuration list for PBXProject "Tasks" */;
			compatibilityVersion = "Xcode 9.3";
			developmentRegion = en;
			hasScannedForEncodings = 0;
			knownRegions = (
				en,
				Base,
			);
			mainGroup = F832BC8024C8960D00692DCA;
			productRefGroup = F832BC8A24C8960D00692DCA /* Products */;
			projectDirPath = "";
			projectRoot = "";
			targets = (
				F832BC8824C8960D00692DCA /* Tasks */,
			);
		};
/* End PBXProject section */

/* Begin PBXResourcesBuildPhase section */
		F832BC8724C8960D00692DCA /* Resources */ = {
			isa = PBXResourcesBuildPhase;
			buildActionMask = 2147483647;
			files = (
				F832BC9424C8960F00692DCA /* Preview Assets.xcassets in Resources */,
				F832BC9124C8960F00692DCA /* Assets.xcassets in Resources */,
			);
			runOnlyForDeploymentPostprocessing = 0;
		};
/* End PBXResourcesBuildPhase section */

/* Begin PBXSourcesBuildPhase section */
		F832BC8524C8960D00692DCA /* Sources */ = {
			isa = PBXSourcesBuildPhase;
			buildActionMask = 2147483647;
			files = (
				F85A097E24C8FF9C008D92F8 /* CoreDataStorage.swift in Sources */,
				F85A098124C90308008D92F8 /* Tasks.xcdatamodeld in Sources */,
				F85A097424C8F953008D92F8 /* Task.swift in Sources */,
				F832BC8F24C8960D00692DCA /* TaskListView.swift in Sources */,
				F85A097C24C8FF59008D92F8 /* TaskManager.swift in Sources */,
				F832BC9C24C8964E00692DCA /* TaskCell.swift in Sources */,
				F832BC8D24C8960D00692DCA /* TasksApp.swift in Sources */,
			);
			runOnlyForDeploymentPostprocessing = 0;
		};
/* End PBXSourcesBuildPhase section */

/* Begin XCBuildConfiguration section */
		F832BC9624C8960F00692DCA /* Debug */ = {
			isa = XCBuildConfiguration;
			buildSettings = {
				ALWAYS_SEARCH_USER_PATHS = NO;
				CLANG_ANALYZER_NONNULL = YES;
				CLANG_ANALYZER_NUMBER_OBJECT_CONVERSION = YES_AGGRESSIVE;
				CLANG_CXX_LANGUAGE_STANDARD = "gnu++14";
				CLANG_CXX_LIBRARY = "libc++";
				CLANG_ENABLE_MODULES = YES;
				CLANG_ENABLE_OBJC_ARC = YES;
				CLANG_ENABLE_OBJC_WEAK = YES;
				CLANG_WARN_BLOCK_CAPTURE_AUTORELEASING = YES;
				CLANG_WARN_BOOL_CONVERSION = YES;
				CLANG_WARN_COMMA = YES;
				CLANG_WARN_CONSTANT_CONVERSION = YES;
				CLANG_WARN_DEPRECATED_OBJC_IMPLEMENTATIONS = YES;
				CLANG_WARN_DIRECT_OBJC_ISA_USAGE = YES_ERROR;
				CLANG_WARN_DOCUMENTATION_COMMENTS = YES;
				CLANG_WARN_EMPTY_BODY = YES;
				CLANG_WARN_ENUM_CONVERSION = YES;
				CLANG_WARN_INFINITE_RECURSION = YES;
				CLANG_WARN_INT_CONVERSION = YES;
				CLANG_WARN_NON_LITERAL_NULL_CONVERSION = YES;
				CLANG_WARN_OBJC_IMPLICIT_RETAIN_SELF = YES;
				CLANG_WARN_OBJC_LITERAL_CONVERSION = YES;
				CLANG_WARN_OBJC_ROOT_CLASS = YES_ERROR;
				CLANG_WARN_QUOTED_INCLUDE_IN_FRAMEWORK_HEADER = YES;
				CLANG_WARN_RANGE_LOOP_ANALYSIS = YES;
				CLANG_WARN_STRICT_PROTOTYPES = YES;
				CLANG_WARN_SUSPICIOUS_MOVE = YES;
				CLANG_WARN_UNGUARDED_AVAILABILITY = YES_AGGRESSIVE;
				CLANG_WARN_UNREACHABLE_CODE = YES;
				CLANG_WARN__DUPLICATE_METHOD_MATCH = YES;
				COPY_PHASE_STRIP = NO;
				DEBUG_INFORMATION_FORMAT = dwarf;
				ENABLE_STRICT_OBJC_MSGSEND = YES;
				ENABLE_TESTABILITY = YES;
				GCC_C_LANGUAGE_STANDARD = gnu11;
				GCC_DYNAMIC_NO_PIC = NO;
				GCC_NO_COMMON_BLOCKS = YES;
				GCC_OPTIMIZATION_LEVEL = 0;
				GCC_PREPROCESSOR_DEFINITIONS = (
					"DEBUG=1",
					"$(inherited)",
				);
				GCC_WARN_64_TO_32_BIT_CONVERSION = YES;
				GCC_WARN_ABOUT_RETURN_TYPE = YES_ERROR;
				GCC_WARN_UNDECLARED_SELECTOR = YES;
				GCC_WARN_UNINITIALIZED_AUTOS = YES_AGGRESSIVE;
				GCC_WARN_UNUSED_FUNCTION = YES;
				GCC_WARN_UNUSED_VARIABLE = YES;
				IPHONEOS_DEPLOYMENT_TARGET = 14.0;
				MTL_ENABLE_DEBUG_INFO = INCLUDE_SOURCE;
				MTL_FAST_MATH = YES;
				ONLY_ACTIVE_ARCH = YES;
				SDKROOT = iphoneos;
				SWIFT_ACTIVE_COMPILATION_CONDITIONS = DEBUG;
				SWIFT_OPTIMIZATION_LEVEL = "-Onone";
			};
			name = Debug;
		};
		F832BC9724C8960F00692DCA /* Release */ = {
			isa = XCBuildConfiguration;
			buildSettings = {
				ALWAYS_SEARCH_USER_PATHS = NO;
				CLANG_ANALYZER_NONNULL = YES;
				CLANG_ANALYZER_NUMBER_OBJECT_CONVERSION = YES_AGGRESSIVE;
				CLANG_CXX_LANGUAGE_STANDARD = "gnu++14";
				CLANG_CXX_LIBRARY = "libc++";
				CLANG_ENABLE_MODULES = YES;
				CLANG_ENABLE_OBJC_ARC = YES;
				CLANG_ENABLE_OBJC_WEAK = YES;
				CLANG_WARN_BLOCK_CAPTURE_AUTORELEASING = YES;
				CLANG_WARN_BOOL_CONVERSION = YES;
				CLANG_WARN_COMMA = YES;
				CLANG_WARN_CONSTANT_CONVERSION = YES;
				CLANG_WARN_DEPRECATED_OBJC_IMPLEMENTATIONS = YES;
				CLANG_WARN_DIRECT_OBJC_ISA_USAGE = YES_ERROR;
				CLANG_WARN_DOCUMENTATION_COMMENTS = YES;
				CLANG_WARN_EMPTY_BODY = YES;
				CLANG_WARN_ENUM_CONVERSION = YES;
				CLANG_WARN_INFINITE_RECURSION = YES;
				CLANG_WARN_INT_CONVERSION = YES;
				CLANG_WARN_NON_LITERAL_NULL_CONVERSION = YES;
				CLANG_WARN_OBJC_IMPLICIT_RETAIN_SELF = YES;
				CLANG_WARN_OBJC_LITERAL_CONVERSION = YES;
				CLANG_WARN_OBJC_ROOT_CLASS = YES_ERROR;
				CLANG_WARN_QUOTED_INCLUDE_IN_FRAMEWORK_HEADER = YES;
				CLANG_WARN_RANGE_LOOP_ANALYSIS = YES;
				CLANG_WARN_STRICT_PROTOTYPES = YES;
				CLANG_WARN_SUSPICIOUS_MOVE = YES;
				CLANG_WARN_UNGUARDED_AVAILABILITY = YES_AGGRESSIVE;
				CLANG_WARN_UNREACHABLE_CODE = YES;
				CLANG_WARN__DUPLICATE_METHOD_MATCH = YES;
				COPY_PHASE_STRIP = NO;
				DEBUG_INFORMATION_FORMAT = "dwarf-with-dsym";
				ENABLE_NS_ASSERTIONS = NO;
				ENABLE_STRICT_OBJC_MSGSEND = YES;
				GCC_C_LANGUAGE_STANDARD = gnu11;
				GCC_NO_COMMON_BLOCKS = YES;
				GCC_WARN_64_TO_32_BIT_CONVERSION = YES;
				GCC_WARN_ABOUT_RETURN_TYPE = YES_ERROR;
				GCC_WARN_UNDECLARED_SELECTOR = YES;
				GCC_WARN_UNINITIALIZED_AUTOS = YES_AGGRESSIVE;
				GCC_WARN_UNUSED_FUNCTION = YES;
				GCC_WARN_UNUSED_VARIABLE = YES;
				IPHONEOS_DEPLOYMENT_TARGET = 14.0;
				MTL_ENABLE_DEBUG_INFO = NO;
				MTL_FAST_MATH = YES;
				SDKROOT = iphoneos;
				SWIFT_COMPILATION_MODE = wholemodule;
				SWIFT_OPTIMIZATION_LEVEL = "-O";
				VALIDATE_PRODUCT = YES;
			};
			name = Release;
		};
		F832BC9924C8960F00692DCA /* Debug */ = {
			isa = XCBuildConfiguration;
			buildSettings = {
				ASSETCATALOG_COMPILER_APPICON_NAME = AppIcon;
				ASSETCATALOG_COMPILER_GLOBAL_ACCENT_COLOR_NAME = AccentColor;
				CODE_SIGN_STYLE = Automatic;
				DEVELOPMENT_ASSET_PATHS = "\"Tasks/Preview Content\"";
				DEVELOPMENT_TEAM = 6764FLM9W2;
				ENABLE_PREVIEWS = YES;
				INFOPLIST_FILE = Tasks/Info.plist;
				IPHONEOS_DEPLOYMENT_TARGET = 14.0;
				LD_RUNPATH_SEARCH_PATHS = (
					"$(inherited)",
					"@executable_path/Frameworks",
				);
				PRODUCT_BUNDLE_IDENTIFIER = fr.purplegiraffe.Tasks;
				PRODUCT_NAME = "$(TARGET_NAME)";
				SWIFT_VERSION = 5.0;
				TARGETED_DEVICE_FAMILY = "1,2";
			};
			name = Debug;
		};
		F832BC9A24C8960F00692DCA /* Release */ = {
			isa = XCBuildConfiguration;
			buildSettings = {
				ASSETCATALOG_COMPILER_APPICON_NAME = AppIcon;
				ASSETCATALOG_COMPILER_GLOBAL_ACCENT_COLOR_NAME = AccentColor;
				CODE_SIGN_STYLE = Automatic;
				DEVELOPMENT_ASSET_PATHS = "\"Tasks/Preview Content\"";
				DEVELOPMENT_TEAM = 6764FLM9W2;
				ENABLE_PREVIEWS = YES;
				INFOPLIST_FILE = Tasks/Info.plist;
				IPHONEOS_DEPLOYMENT_TARGET = 14.0;
				LD_RUNPATH_SEARCH_PATHS = (
					"$(inherited)",
					"@executable_path/Frameworks",
				);
				PRODUCT_BUNDLE_IDENTIFIER = fr.purplegiraffe.Tasks;
				PRODUCT_NAME = "$(TARGET_NAME)";
				SWIFT_VERSION = 5.0;
				TARGETED_DEVICE_FAMILY = "1,2";
			};
			name = Release;
		};
/* End XCBuildConfiguration section */

/* Begin XCConfigurationList section */
		F832BC8424C8960D00692DCA /* Build configuration list for PBXProject "Tasks" */ = {
			isa = XCConfigurationList;
			buildConfigurations = (
				F832BC9624C8960F00692DCA /* Debug */,
				F832BC9724C8960F00692DCA /* Release */,
			);
			defaultConfigurationIsVisible = 0;
			defaultConfigurationName = Release;
		};
		F832BC9824C8960F00692DCA /* Build configuration list for PBXNativeTarget "Tasks" */ = {
			isa = XCConfigurationList;
			buildConfigurations = (
				F832BC9924C8960F00692DCA /* Debug */,
				F832BC9A24C8960F00692DCA /* Release */,
			);
			defaultConfigurationIsVisible = 0;
			defaultConfigurationName = Release;
		};
/* End XCConfigurationList section */

/* Begin XCVersionGroup section */
		F85A097F24C90308008D92F8 /* Tasks.xcdatamodeld */ = {
			isa = XCVersionGroup;
			children = (
				F85A098024C90308008D92F8 /* Tasks.xcdatamodel */,
			);
			currentVersion = F85A098024C90308008D92F8 /* Tasks.xcdatamodel */;
			path = Tasks.xcdatamodeld;
			sourceTree = "<group>";
			versionGroupType = wrapper.xcdatamodel;
		};
/* End XCVersionGroup section */
	};
	rootObject = F832BC8124C8960D00692DCA /* Project object */;
}
